// !$*UTF8*$!
{
	archiveVersion = 1;
	classes = {
	};
	objectVersion = 46;
	objects = {

/* Begin PBXBuildFile section */
		60415DEE1C4ACE2A002B56BE /* AppDelegate.swift in Sources */ = {isa = PBXBuildFile; fileRef = 60415DED1C4ACE2A002B56BE /* AppDelegate.swift */; };
		60415DF01C4ACE2A002B56BE /* ViewController.swift in Sources */ = {isa = PBXBuildFile; fileRef = 60415DEF1C4ACE2A002B56BE /* ViewController.swift */; };
		60415DF31C4ACE2A002B56BE /* Main.storyboard in Resources */ = {isa = PBXBuildFile; fileRef = 60415DF11C4ACE2A002B56BE /* Main.storyboard */; };
		60415DF51C4ACE2A002B56BE /* Assets.xcassets in Resources */ = {isa = PBXBuildFile; fileRef = 60415DF41C4ACE2A002B56BE /* Assets.xcassets */; };
		60415DF81C4ACE2A002B56BE /* LaunchScreen.storyboard in Resources */ = {isa = PBXBuildFile; fileRef = 60415DF61C4ACE2A002B56BE /* LaunchScreen.storyboard */; };
/* End PBXBuildFile section */

/* Begin PBXFileReference section */
		60415DEA1C4ACE2A002B56BE /* SuperCool.app */ = {isa = PBXFileReference; explicitFileType = wrapper.application; includeInIndex = 0; path = SuperCool.app; sourceTree = BUILT_PRODUCTS_DIR; };
		60415DED1C4ACE2A002B56BE /* AppDelegate.swift */ = {isa = PBXFileReference; lastKnownFileType = sourcecode.swift; path = AppDelegate.swift; sourceTree = "<group>"; };
		60415DEF1C4ACE2A002B56BE /* ViewController.swift */ = {isa = PBXFileReference; lastKnownFileType = sourcecode.swift; path = ViewController.swift; sourceTree = "<group>"; };
		60415DF21C4ACE2A002B56BE /* Base */ = {isa = PBXFileReference; lastKnownFileType = file.storyboard; name = Base; path = Base.lproj/Main.storyboard; sourceTree = "<group>"; };
		60415DF41C4ACE2A002B56BE /* Assets.xcassets */ = {isa = PBXFileReference; lastKnownFileType = folder.assetcatalog; path = Assets.xcassets; sourceTree = "<group>"; };
		60415DF71C4ACE2A002B56BE /* Base */ = {isa = PBXFileReference; lastKnownFileType = file.storyboard; name = Base; path = Base.lproj/LaunchScreen.storyboard; sourceTree = "<group>"; };
		60415DF91C4ACE2A002B56BE /* Info.plist */ = {isa = PBXFileReference; lastKnownFileType = text.plist.xml; path = Info.plist; sourceTree = "<group>"; };
/* End PBXFileReference section */

/* Begin PBXFrameworksBuildPhase section */
		60415DE71C4ACE2A002B56BE /* Frameworks */ = {
			isa = PBXFrameworksBuildPhase;
			buildActionMask = 2147483647;
			files = (
			);
			runOnlyForDeploymentPostprocessing = 0;
		};
/* End PBXFrameworksBuildPhase section */

/* Begin PBXGroup section */
		60415DE11C4ACE2A002B56BE = {
			isa = PBXGroup;
			children = (
				60415DEC1C4ACE2A002B56BE /* SuperCool */,
				60415DEB1C4ACE2A002B56BE /* Products */,
			);
			sourceTree = "<group>";
		};
		60415DEB1C4ACE2A002B56BE /* Products */ = {
			isa = PBXGroup;
			children = (
				60415DEA1C4ACE2A002B56BE /* SuperCool.app */,
			);
			name = Products;
			sourceTree = "<group>";
		};
		60415DEC1C4ACE2A002B56BE /* SuperCool */ = {
			isa = PBXGroup;
			children = (
				60415DED1C4ACE2A002B56BE /* AppDelegate.swift */,
				60415DEF1C4ACE2A002B56BE /* ViewController.swift */,
				60415DF11C4ACE2A002B56BE /* Main.storyboard */,
				60415DF41C4ACE2A002B56BE /* Assets.xcassets */,
				60415DF61C4ACE2A002B56BE /* LaunchScreen.storyboard */,
				60415DF91C4ACE2A002B56BE /* Info.plist */,
			);
			path = SuperCool;
			sourceTree = "<group>";
		};
/* End PBXGroup section */

/* Begin PBXNativeTarget section */
		60415DE91C4ACE2A002B56BE /* SuperCool */ = {
			isa = PBXNativeTarget;
			buildConfigurationList = 60415DFC1C4ACE2A002B56BE /* Build configuration list for PBXNativeTarget "SuperCool" */;
			buildPhases = (
				60415DE61C4ACE2A002B56BE /* Sources */,
				60415DE71C4ACE2A002B56BE /* Frameworks */,
				60415DE81C4ACE2A002B56BE /* Resources */,
			);
			buildRules = (
			);
			dependencies = (
			);
			name = SuperCool;
			productName = SuperCool;
			productReference = 60415DEA1C4ACE2A002B56BE /* SuperCool.app */;
			productType = "com.apple.product-type.application";
		};
/* End PBXNativeTarget section */

/* Begin PBXProject section */
		60415DE21C4ACE2A002B56BE /* Project object */ = {
			isa = PBXProject;
			attributes = {
				LastSwiftUpdateCheck = 0730;
				LastUpgradeCheck = 0730;
				ORGANIZATIONNAME = Word;
				TargetAttributes = {
					60415DE91C4ACE2A002B56BE = {
						CreatedOnToolsVersion = 7.3;
					};
				};
			};
			buildConfigurationList = 60415DE51C4ACE2A002B56BE /* Build configuration list for PBXProject "SuperCool" */;
			compatibilityVersion = "Xcode 3.2";
			developmentRegion = English;
			hasScannedForEncodings = 0;
			knownRegions = (
				en,
				Base,
			);
			mainGroup = 60415DE11C4ACE2A002B56BE;
			productRefGroup = 60415DEB1C4ACE2A002B56BE /* Products */;
			projectDirPath = "";
			projectRoot = "";
			targets = (
				60415DE91C4ACE2A002B56BE /* SuperCool */,
			);
		};
/* End PBXProject section */

/* Begin PBXResourcesBuildPhase section */
		60415DE81C4ACE2A002B56BE /* Resources */ = {
			isa = PBXResourcesBuildPhase;
			buildActionMask = 2147483647;
			files = (
				60415DF81C4ACE2A002B56BE /* LaunchScreen.storyboard in Resources */,
				60415DF51C4ACE2A002B56BE /* Assets.xcassets in Resources */,
				60415DF31C4ACE2A002B56BE /* Main.storyboard in Resources */,
			);
			runOnlyForDeploymentPostprocessing = 0;
		};
/* End PBXResourcesBuildPhase section */

/* Begin PBXSourcesBuildPhase section */
		60415DE61C4ACE2A002B56BE /* Sources */ = {
			isa = PBXSourcesBuildPhase;
			buildActionMask = 2147483647;
			files = (
				60415DF01C4ACE2A002B56BE /* ViewController.swift in Sources */,
				60415DEE1C4ACE2A002B56BE /* AppDelegate.swift in Sources */,
			);
			runOnlyForDeploymentPostprocessing = 0;
		};
/* End PBXSourcesBuildPhase section */

/* Begin PBXVariantGroup section */
		60415DF11C4ACE2A002B56BE /* Main.storyboard */ = {
			isa = PBXVariantGroup;
			children = (
				60415DF21C4ACE2A002B56BE /* Base */,
			);
			name = Main.storyboard;
			sourceTree = "<group>";
		};
		60415DF61C4ACE2A002B56BE /* LaunchScreen.storyboard */ = {
			isa = PBXVariantGroup;
			children = (
				60415DF71C4ACE2A002B56BE /* Base */,
			);
			name = LaunchScreen.storyboard;
			sourceTree = "<group>";
		};
/* End PBXVariantGroup section */

/* Begin XCBuildConfiguration section */
		60415DFA1C4ACE2A002B56BE /* Debug */ = {
			isa = XCBuildConfiguration;
			buildSettings = {
				ALWAYS_SEARCH_USER_PATHS = NO;
				CLANG_CXX_LANGUAGE_STANDARD = "gnu++0x";
				CLANG_CXX_LIBRARY = "libc++";
				CLANG_ENABLE_MODULES = YES;
				CLANG_ENABLE_OBJC_ARC = YES;
				CLANG_WARN_BOOL_CONVERSION = YES;
				CLANG_WARN_CONSTANT_CONVERSION = YES;
				CLANG_WARN_DIRECT_OBJC_ISA_USAGE = YES_ERROR;
				CLANG_WARN_EMPTY_BODY = YES;
				CLANG_WARN_ENUM_CONVERSION = YES;
				CLANG_WARN_INT_CONVERSION = YES;
				CLANG_WARN_OBJC_ROOT_CLASS = YES_ERROR;
				CLANG_WARN_UNREACHABLE_CODE = YES;
				CLANG_WARN__DUPLICATE_METHOD_MATCH = YES;
				"CODE_SIGN_IDENTITY[sdk=iphoneos*]" = "iPhone Developer";
				COPY_PHASE_STRIP = NO;
				DEBUG_INFORMATION_FORMAT = dwarf;
				ENABLE_STRICT_OBJC_MSGSEND = YES;
				ENABLE_TESTABILITY = YES;
				GCC_C_LANGUAGE_STANDARD = gnu99;
				GCC_DYNAMIC_NO_PIC = NO;
				GCC_NO_COMMON_BLOCKS = YES;
				GCC_OPTIMIZATION_LEVEL = 0;
				GCC_PREPROCESSOR_DEFINITIONS = (
					"DEBUG=1",
					"$(inherited)",
				);
				GCC_WARN_64_TO_32_BIT_CONVERSION = YES;
				GCC_WARN_ABOUT_RETURN_TYPE = YES_ERROR;
				GCC_WARN_UNDECLARED_SELECTOR = YES;
				GCC_WARN_UNINITIALIZED_AUTOS = YES_AGGRESSIVE;
				GCC_WARN_UNUSED_FUNCTION = YES;
				GCC_WARN_UNUSED_VARIABLE = YES;
				IPHONEOS_DEPLOYMENT_TARGET = 9.3;
				MTL_ENABLE_DEBUG_INFO = YES;
				ONLY_ACTIVE_ARCH = YES;
				SDKROOT = iphoneos;
				SWIFT_OPTIMIZATION_LEVEL = "-Onone";
			};
			name = Debug;
		};
		60415DFB1C4ACE2A002B56BE /* Release */ = {
			isa = XCBuildConfiguration;
			buildSettings = {
				ALWAYS_SEARCH_USER_PATHS = NO;
				CLANG_CXX_LANGUAGE_STANDARD = "gnu++0x";
				CLANG_CXX_LIBRARY = "libc++";
				CLANG_ENABLE_MODULES = YES;
				CLANG_ENABLE_OBJC_ARC = YES;
				CLANG_WARN_BOOL_CONVERSION = YES;
				CLANG_WARN_CONSTANT_CONVERSION = YES;
				CLANG_WARN_DIRECT_OBJC_ISA_USAGE = YES_ERROR;
				CLANG_WARN_EMPTY_BODY = YES;
				CLANG_WARN_ENUM_CONVERSION = YES;
				CLANG_WARN_INT_CONVERSION = YES;
				CLANG_WARN_OBJC_ROOT_CLASS = YES_ERROR;
				CLANG_WARN_UNREACHABLE_CODE = YES;
				CLANG_WARN__DUPLICATE_METHOD_MATCH = YES;
				"CODE_SIGN_IDENTITY[sdk=iphoneos*]" = "iPhone Developer";
				COPY_PHASE_STRIP = NO;
				DEBUG_INFORMATION_FORMAT = "dwarf-with-dsym";
				ENABLE_NS_ASSERTIONS = NO;
				ENABLE_STRICT_OBJC_MSGSEND = YES;
				GCC_C_LANGUAGE_STANDARD = gnu99;
				GCC_NO_COMMON_BLOCKS = YES;
				GCC_WARN_64_TO_32_BIT_CONVERSION = YES;
				GCC_WARN_ABOUT_RETURN_TYPE = YES_ERROR;
				GCC_WARN_UNDECLARED_SELECTOR = YES;
				GCC_WARN_UNINITIALIZED_AUTOS = YES_AGGRESSIVE;
				GCC_WARN_UNUSED_FUNCTION = YES;
				GCC_WARN_UNUSED_VARIABLE = YES;
				IPHONEOS_DEPLOYMENT_TARGET = 9.3;
				MTL_ENABLE_DEBUG_INFO = NO;
				SDKROOT = iphoneos;
				VALIDATE_PRODUCT = YES;
			};
			name = Release;
		};
		60415DFD1C4ACE2A002B56BE /* Debug */ = {
			isa = XCBuildConfiguration;
			buildSettings = {
				ASSETCATALOG_COMPILER_APPICON_NAME = AppIcon;
				INFOPLIST_FILE = SuperCool/Info.plist;
				LD_RUNPATH_SEARCH_PATHS = "$(inherited) @executable_path/Frameworks";
				PRODUCT_BUNDLE_IDENTIFIER = com.word.SuperCool;
				PRODUCT_NAME = "$(TARGET_NAME)";
			};
			name = Debug;
		};
		60415DFE1C4ACE2A002B56BE /* Release */ = {
			isa = XCBuildConfiguration;
			buildSettings = {
				ASSETCATALOG_COMPILER_APPICON_NAME = AppIcon;
				INFOPLIST_FILE = SuperCool/Info.plist;
				LD_RUNPATH_SEARCH_PATHS = "$(inherited) @executable_path/Frameworks";
				PRODUCT_BUNDLE_IDENTIFIER = com.word.SuperCool;
				PRODUCT_NAME = "$(TARGET_NAME)";
			};
			name = Release;
		};
/* End XCBuildConfiguration section */

/* Begin XCConfigurationList section */
		60415DE51C4ACE2A002B56BE /* Build configuration list for PBXProject "SuperCool" */ = {
			isa = XCConfigurationList;
			buildConfigurations = (
				60415DFA1C4ACE2A002B56BE /* Debug */,
				60415DFB1C4ACE2A002B56BE /* Release */,
			);
			defaultConfigurationIsVisible = 0;
			defaultConfigurationName = Release;
		};
		60415DFC1C4ACE2A002B56BE /* Build configuration list for PBXNativeTarget "SuperCool" */ = {
			isa = XCConfigurationList;
			buildConfigurations = (
				60415DFD1C4ACE2A002B56BE /* Debug */,
				60415DFE1C4ACE2A002B56BE /* Release */,
			);
			defaultConfigurationIsVisible = 0;
		};
/* End XCConfigurationList section */
	};
	rootObject = 60415DE21C4ACE2A002B56BE /* Project object */;
}
